
Microsoft Visual Studio Solution File, Format Version 12.00
# Visual Studio Version 17
VisualStudioVersion = 17.8.34330.188
MinimumVisualStudioVersion = 10.0.40219.1
Project("{8BC9CEB8-8B4A-11D0-8D11-00A0C91BC942}") = "Arrays", "Arrays\Arrays.vcxproj", "{9693A06E-7029-42F4-ACED-924A30E46CCB}"
EndProject
Project("{8BC9CEB8-8B4A-11D0-8D11-00A0C91BC942}") = "Shift", "Shift\Shift.vcxproj", "{28ED5F7F-8044-449D-8AC1-8F8CA7996579}"
EndProject
Project("{8BC9CEB8-8B4A-11D0-8D11-00A0C91BC942}") = "Binary", "Binary\Binary.vcxproj", "{35314993-515A-466B-98D1-EEF8174743A2}"
EndProject
Project("{8BC9CEB8-8B4A-11D0-8D11-00A0C91BC942}") = "Hexdecimal", "Hexdecimal\Hexdecimal.vcxproj", "{340DF9CD-196F-428B-BD32-3F267F70D6AE}"
EndProject
Global
	GlobalSection(SolutionConfigurationPlatforms) = preSolution
		Debug|x64 = Debug|x64
		Debug|x86 = Debug|x86
		Release|x64 = Release|x64
		Release|x86 = Release|x86
	EndGlobalSection
	GlobalSection(ProjectConfigurationPlatforms) = postSolution
		{9693A06E-7029-42F4-ACED-924A30E46CCB}.Debug|x64.ActiveCfg = Debug|x64
		{9693A06E-7029-42F4-ACED-924A30E46CCB}.Debug|x64.Build.0 = Debug|x64
		{9693A06E-7029-42F4-ACED-924A30E46CCB}.Debug|x86.ActiveCfg = Debug|Win32
		{9693A06E-7029-42F4-ACED-924A30E46CCB}.Debug|x86.Build.0 = Debug|Win32
		{9693A06E-7029-42F4-ACED-924A30E46CCB}.Release|x64.ActiveCfg = Release|x64
		{9693A06E-7029-42F4-ACED-924A30E46CCB}.Release|x64.Build.0 = Release|x64
		{9693A06E-7029-42F4-ACED-924A30E46CCB}.Release|x86.ActiveCfg = Release|Win32
		{9693A06E-7029-42F4-ACED-924A30E46CCB}.Release|x86.Build.0 = Release|Win32
		{28ED5F7F-8044-449D-8AC1-8F8CA7996579}.Debug|x64.ActiveCfg = Debug|x64
		{28ED5F7F-8044-449D-8AC1-8F8CA7996579}.Debug|x64.Build.0 = Debug|x64
		{28ED5F7F-8044-449D-8AC1-8F8CA7996579}.Debug|x86.ActiveCfg = Debug|Win32
		{28ED5F7F-8044-449D-8AC1-8F8CA7996579}.Debug|x86.Build.0 = Debug|Win32
		{28ED5F7F-8044-449D-8AC1-8F8CA7996579}.Release|x64.ActiveCfg = Release|x64
		{28ED5F7F-8044-449D-8AC1-8F8CA7996579}.Release|x64.Build.0 = Release|x64
		{28ED5F7F-8044-449D-8AC1-8F8CA7996579}.Release|x86.ActiveCfg = Release|Win32
		{28ED5F7F-8044-449D-8AC1-8F8CA7996579}.Release|x86.Build.0 = Release|Win32
		{35314993-515A-466B-98D1-EEF8174743A2}.Debug|x64.ActiveCfg = Debug|x64
		{35314993-515A-466B-98D1-EEF8174743A2}.Debug|x64.Build.0 = Debug|x64
		{35314993-515A-466B-98D1-EEF8174743A2}.Debug|x86.ActiveCfg = Debug|Win32
		{35314993-515A-466B-98D1-EEF8174743A2}.Debug|x86.Build.0 = Debug|Win32
		{35314993-515A-466B-98D1-EEF8174743A2}.Release|x64.ActiveCfg = Release|x64
		{35314993-515A-466B-98D1-EEF8174743A2}.Release|x64.Build.0 = Release|x64
		{35314993-515A-466B-98D1-EEF8174743A2}.Release|x86.ActiveCfg = Release|Win32
		{35314993-515A-466B-98D1-EEF8174743A2}.Release|x86.Build.0 = Release|Win32
		{340DF9CD-196F-428B-BD32-3F267F70D6AE}.Debug|x64.ActiveCfg = Debug|x64
		{340DF9CD-196F-428B-BD32-3F267F70D6AE}.Debug|x64.Build.0 = Debug|x64
		{340DF9CD-196F-428B-BD32-3F267F70D6AE}.Debug|x86.ActiveCfg = Debug|Win32
		{340DF9CD-196F-428B-BD32-3F267F70D6AE}.Debug|x86.Build.0 = Debug|Win32
		{340DF9CD-196F-428B-BD32-3F267F70D6AE}.Release|x64.ActiveCfg = Release|x64
		{340DF9CD-196F-428B-BD32-3F267F70D6AE}.Release|x64.Build.0 = Release|x64
		{340DF9CD-196F-428B-BD32-3F267F70D6AE}.Release|x86.ActiveCfg = Release|Win32
		{340DF9CD-196F-428B-BD32-3F267F70D6AE}.Release|x86.Build.0 = Release|Win32
	EndGlobalSection
	GlobalSection(SolutionProperties) = preSolution
		HideSolutionNode = FALSE
	EndGlobalSection
	GlobalSection(ExtensibilityGlobals) = postSolution
		SolutionGuid = {4539CA9C-B948-4E26-B024-57B1AC064325}
	EndGlobalSection
EndGlobal
