
Microsoft Visual Studio Solution File, Format Version 12.00
# Visual Studio Version 17
VisualStudioVersion = 17.8.34330.188
MinimumVisualStudioVersion = 10.0.40219.1
Project("{8BC9CEB8-8B4A-11D0-8D11-00A0C91BC942}") = "Arrays", "Arrays\Arrays.vcxproj", "{9693A06E-7029-42F4-ACED-924A30E46CCB}"
EndProject
Global
	GlobalSection(SolutionConfigurationPlatforms) = preSolution
		Debug|x64 = Debug|x64
		Debug|x86 = Debug|x86
		Release|x64 = Release|x64
		Release|x86 = Release|x86
	EndGlobalSection
	GlobalSection(ProjectConfigurationPlatforms) = postSolution
		{9693A06E-7029-42F4-ACED-924A30E46CCB}.Debug|x64.ActiveCfg = Debug|x64
		{9693A06E-7029-42F4-ACED-924A30E46CCB}.Debug|x64.Build.0 = Debug|x64
		{9693A06E-7029-42F4-ACED-924A30E46CCB}.Debug|x86.ActiveCfg = Debug|Win32
		{9693A06E-7029-42F4-ACED-924A30E46CCB}.Debug|x86.Build.0 = Debug|Win32
		{9693A06E-7029-42F4-ACED-924A30E46CCB}.Release|x64.ActiveCfg = Release|x64
		{9693A06E-7029-42F4-ACED-924A30E46CCB}.Release|x64.Build.0 = Release|x64
		{9693A06E-7029-42F4-ACED-924A30E46CCB}.Release|x86.ActiveCfg = Release|Win32
		{9693A06E-7029-42F4-ACED-924A30E46CCB}.Release|x86.Build.0 = Release|Win32
	EndGlobalSection
	GlobalSection(SolutionProperties) = preSolution
		HideSolutionNode = FALSE
	EndGlobalSection
	GlobalSection(ExtensibilityGlobals) = postSolution
		SolutionGuid = {4539CA9C-B948-4E26-B024-57B1AC064325}
	EndGlobalSection
EndGlobal
